
Microsoft Visual Studio Solution File, Format Version 12.00
# Visual Studio Version 17
VisualStudioVersion = 17.0.32112.339
MinimumVisualStudioVersion = 10.0.40219.1
Project("{FAE04EC0-301F-11D3-BF4B-00C04F79EFBC}") = "BeautiesShop", "BeautiesShop.csproj", "{A4317041-A4A3-4521-8EF3-DCB398BD543D}"
EndProject
Global
	GlobalSection(SolutionConfigurationPlatforms) = preSolution
		Debug|Any CPU = Debug|Any CPU
		Release|Any CPU = Release|Any CPU
	EndGlobalSection
	GlobalSection(ProjectConfigurationPlatforms) = postSolution
		{A4317041-A4A3-4521-8EF3-DCB398BD543D}.Debug|Any CPU.ActiveCfg = Debug|Any CPU
		{A4317041-A4A3-4521-8EF3-DCB398BD543D}.Debug|Any CPU.Build.0 = Debug|Any CPU
		{A4317041-A4A3-4521-8EF3-DCB398BD543D}.Release|Any CPU.ActiveCfg = Release|Any CPU
		{A4317041-A4A3-4521-8EF3-DCB398BD543D}.Release|Any CPU.Build.0 = Release|Any CPU
	EndGlobalSection
	GlobalSection(SolutionProperties) = preSolution
		HideSolutionNode = FALSE
	EndGlobalSection
	GlobalSection(ExtensibilityGlobals) = postSolution
		SolutionGuid = {B1EB5519-B395-4299-8A08-C452E5EA5D12}
	EndGlobalSection
EndGlobal
